
Microsoft Visual Studio Solution File, Format Version 12.00
# Visual Studio Version 17
VisualStudioVersion = 17.0.32014.148
MinimumVisualStudioVersion = 10.0.40219.1
Project("{9A19103F-16F7-4668-BE54-9A1E7A4F7556}") = "AdamController", "AdamController\AdamController.csproj", "{0D918664-5F27-4525-ABE4-0D1A1FB22761}"
	ProjectSection(ProjectDependencies) = postProject
		{1FCB70D5-1BBC-414D-8DFB-4AEA7D45B1D1} = {1FCB70D5-1BBC-414D-8DFB-4AEA7D45B1D1}
	EndProjectSection
EndProject
Project("{9A19103F-16F7-4668-BE54-9A1E7A4F7556}") = "AdamController.Core", "AdamControllerLibrary\AdamController.Core.csproj", "{1FCB70D5-1BBC-414D-8DFB-4AEA7D45B1D1}"
	ProjectSection(ProjectDependencies) = postProject
		{CCB5A70B-3F85-4D11-B774-365DF8A220F6} = {CCB5A70B-3F85-4D11-B774-365DF8A220F6}
	EndProjectSection
EndProject
Project("{9A19103F-16F7-4668-BE54-9A1E7A4F7556}") = "AdamBlocklyLibrary", "AdamBlocklyLibrary\AdamBlocklyLibrary.csproj", "{CCB5A70B-3F85-4D11-B774-365DF8A220F6}"
EndProject
Project("{9A19103F-16F7-4668-BE54-9A1E7A4F7556}") = "AdamController.WebApi.Client", "AdamController.WebApi.Client\AdamController.WebApi.Client.csproj", "{157FE150-54A5-4D10-A052-580A5B4895DA}"
EndProject
Project("{2150E333-8FDC-42A3-9474-1A3956D46DE8}") = "Modules", "Modules", "{BF38E868-9FEB-4645-9B2B-15AC47844075}"
EndProject
Project("{9A19103F-16F7-4668-BE54-9A1E7A4F7556}") = "AdamController.Modules.ContentRegion", "Modules\AdamController.Modules.ContentRegion\AdamController.Modules.ContentRegion.csproj", "{8EF23718-8FE0-4711-BB00-04411C6B4787}"
EndProject
Project("{9A19103F-16F7-4668-BE54-9A1E7A4F7556}") = "AdamController.Modules.MenuRegion", "Modules\AdamController.Modules.MenuRegion\AdamController.Modules.MenuRegion.csproj", "{6F12ECFD-3891-40AE-A18D-B3362C6A2946}"
EndProject
Project("{2150E333-8FDC-42A3-9474-1A3956D46DE8}") = "Legacy", "Legacy", "{511F4919-C2FC-4775-92A4-C446E51B49DB}"
EndProject
Project("{9A19103F-16F7-4668-BE54-9A1E7A4F7556}") = "AdamController.Modules.StatusBarRegion", "Modules\AdamController.Modules.StatusBar\AdamController.Modules.StatusBarRegion.csproj", "{05913116-D1EA-49C3-92C4-B4316E7C0A9C}"
EndProject
Project("{9A19103F-16F7-4668-BE54-9A1E7A4F7556}") = "AdamController.Services", "AdamController.Services\AdamController.Services.csproj", "{C6EEA5FC-E4F2-4334-B134-C4A9B7D2A49A}"
EndProject
Project("{9A19103F-16F7-4668-BE54-9A1E7A4F7556}") = "AdamController.Modules.FlayoutsRegion", "Modules\AdamController.Modules.FlayoutsRegion\AdamController.Modules.FlayoutsRegion.csproj", "{D17BE826-5C86-4EAC-8424-534F9CF3DFE0}"
EndProject
Project("{FAE04EC0-301F-11D3-BF4B-00C04F79EFBC}") = "AdamController.Modules.HamburgerMenu", "AdamController.Modules.HamburgerMenu\AdamController.Modules.HamburgerMenu.csproj", "{D9EEEB5F-D2B8-4233-8422-CD9F5145E9C9}"
EndProject
Global
	GlobalSection(SolutionConfigurationPlatforms) = preSolution
		Debug|Any CPU = Debug|Any CPU
		Release|Any CPU = Release|Any CPU
	EndGlobalSection
	GlobalSection(ProjectConfigurationPlatforms) = postSolution
		{0D918664-5F27-4525-ABE4-0D1A1FB22761}.Debug|Any CPU.ActiveCfg = Debug|Any CPU
		{0D918664-5F27-4525-ABE4-0D1A1FB22761}.Debug|Any CPU.Build.0 = Debug|Any CPU
		{0D918664-5F27-4525-ABE4-0D1A1FB22761}.Release|Any CPU.ActiveCfg = Release|Any CPU
		{0D918664-5F27-4525-ABE4-0D1A1FB22761}.Release|Any CPU.Build.0 = Release|Any CPU
		{1FCB70D5-1BBC-414D-8DFB-4AEA7D45B1D1}.Debug|Any CPU.ActiveCfg = Debug|Any CPU
		{1FCB70D5-1BBC-414D-8DFB-4AEA7D45B1D1}.Debug|Any CPU.Build.0 = Debug|Any CPU
		{1FCB70D5-1BBC-414D-8DFB-4AEA7D45B1D1}.Release|Any CPU.ActiveCfg = Release|Any CPU
		{1FCB70D5-1BBC-414D-8DFB-4AEA7D45B1D1}.Release|Any CPU.Build.0 = Release|Any CPU
		{CCB5A70B-3F85-4D11-B774-365DF8A220F6}.Debug|Any CPU.ActiveCfg = Debug|Any CPU
		{CCB5A70B-3F85-4D11-B774-365DF8A220F6}.Debug|Any CPU.Build.0 = Debug|Any CPU
		{CCB5A70B-3F85-4D11-B774-365DF8A220F6}.Release|Any CPU.ActiveCfg = Release|Any CPU
		{CCB5A70B-3F85-4D11-B774-365DF8A220F6}.Release|Any CPU.Build.0 = Release|Any CPU
		{157FE150-54A5-4D10-A052-580A5B4895DA}.Debug|Any CPU.ActiveCfg = Debug|Any CPU
		{157FE150-54A5-4D10-A052-580A5B4895DA}.Debug|Any CPU.Build.0 = Debug|Any CPU
		{157FE150-54A5-4D10-A052-580A5B4895DA}.Release|Any CPU.ActiveCfg = Release|Any CPU
		{157FE150-54A5-4D10-A052-580A5B4895DA}.Release|Any CPU.Build.0 = Release|Any CPU
		{8EF23718-8FE0-4711-BB00-04411C6B4787}.Debug|Any CPU.ActiveCfg = Debug|Any CPU
		{8EF23718-8FE0-4711-BB00-04411C6B4787}.Debug|Any CPU.Build.0 = Debug|Any CPU
		{8EF23718-8FE0-4711-BB00-04411C6B4787}.Release|Any CPU.ActiveCfg = Release|Any CPU
		{8EF23718-8FE0-4711-BB00-04411C6B4787}.Release|Any CPU.Build.0 = Release|Any CPU
		{6F12ECFD-3891-40AE-A18D-B3362C6A2946}.Debug|Any CPU.ActiveCfg = Debug|Any CPU
		{6F12ECFD-3891-40AE-A18D-B3362C6A2946}.Debug|Any CPU.Build.0 = Debug|Any CPU
		{6F12ECFD-3891-40AE-A18D-B3362C6A2946}.Release|Any CPU.ActiveCfg = Release|Any CPU
		{6F12ECFD-3891-40AE-A18D-B3362C6A2946}.Release|Any CPU.Build.0 = Release|Any CPU
		{05913116-D1EA-49C3-92C4-B4316E7C0A9C}.Debug|Any CPU.ActiveCfg = Debug|Any CPU
		{05913116-D1EA-49C3-92C4-B4316E7C0A9C}.Debug|Any CPU.Build.0 = Debug|Any CPU
		{05913116-D1EA-49C3-92C4-B4316E7C0A9C}.Release|Any CPU.ActiveCfg = Release|Any CPU
		{05913116-D1EA-49C3-92C4-B4316E7C0A9C}.Release|Any CPU.Build.0 = Release|Any CPU
		{C6EEA5FC-E4F2-4334-B134-C4A9B7D2A49A}.Debug|Any CPU.ActiveCfg = Debug|Any CPU
		{C6EEA5FC-E4F2-4334-B134-C4A9B7D2A49A}.Debug|Any CPU.Build.0 = Debug|Any CPU
		{C6EEA5FC-E4F2-4334-B134-C4A9B7D2A49A}.Release|Any CPU.ActiveCfg = Release|Any CPU
		{C6EEA5FC-E4F2-4334-B134-C4A9B7D2A49A}.Release|Any CPU.Build.0 = Release|Any CPU
		{D17BE826-5C86-4EAC-8424-534F9CF3DFE0}.Debug|Any CPU.ActiveCfg = Debug|Any CPU
		{D17BE826-5C86-4EAC-8424-534F9CF3DFE0}.Debug|Any CPU.Build.0 = Debug|Any CPU
		{D17BE826-5C86-4EAC-8424-534F9CF3DFE0}.Release|Any CPU.ActiveCfg = Release|Any CPU
		{D17BE826-5C86-4EAC-8424-534F9CF3DFE0}.Release|Any CPU.Build.0 = Release|Any CPU
		{D9EEEB5F-D2B8-4233-8422-CD9F5145E9C9}.Debug|Any CPU.ActiveCfg = Debug|Any CPU
		{D9EEEB5F-D2B8-4233-8422-CD9F5145E9C9}.Debug|Any CPU.Build.0 = Debug|Any CPU
		{D9EEEB5F-D2B8-4233-8422-CD9F5145E9C9}.Release|Any CPU.ActiveCfg = Release|Any CPU
		{D9EEEB5F-D2B8-4233-8422-CD9F5145E9C9}.Release|Any CPU.Build.0 = Release|Any CPU
	EndGlobalSection
	GlobalSection(SolutionProperties) = preSolution
		HideSolutionNode = FALSE
	EndGlobalSection
	GlobalSection(NestedProjects) = preSolution
		{CCB5A70B-3F85-4D11-B774-365DF8A220F6} = {511F4919-C2FC-4775-92A4-C446E51B49DB}
		{157FE150-54A5-4D10-A052-580A5B4895DA} = {511F4919-C2FC-4775-92A4-C446E51B49DB}
		{8EF23718-8FE0-4711-BB00-04411C6B4787} = {BF38E868-9FEB-4645-9B2B-15AC47844075}
		{6F12ECFD-3891-40AE-A18D-B3362C6A2946} = {BF38E868-9FEB-4645-9B2B-15AC47844075}
		{05913116-D1EA-49C3-92C4-B4316E7C0A9C} = {BF38E868-9FEB-4645-9B2B-15AC47844075}
		{D17BE826-5C86-4EAC-8424-534F9CF3DFE0} = {BF38E868-9FEB-4645-9B2B-15AC47844075}
		{D9EEEB5F-D2B8-4233-8422-CD9F5145E9C9} = {BF38E868-9FEB-4645-9B2B-15AC47844075}
	EndGlobalSection
	GlobalSection(ExtensibilityGlobals) = postSolution
		SolutionGuid = {D00A029C-930D-44A8-8257-721FCA9202F6}
	EndGlobalSection
EndGlobal
